
Microsoft Visual Studio Solution File, Format Version 12.00
# Visual Studio Version 17
VisualStudioVersion = 17.11.35312.102
MinimumVisualStudioVersion = 10.0.40219.1
Project("{FAE04EC0-301F-11D3-BF4B-00C04F79EFBC}") = "ExampleMVCApp", "ExampleMVCApp\ExampleMVCApp.csproj", "{0A2EDB90-ECAE-4999-968D-6DF759DFAD57}"
EndProject
Global
	GlobalSection(SolutionConfigurationPlatforms) = preSolution
		Debug|Any CPU = Debug|Any CPU
		Release|Any CPU = Release|Any CPU
	EndGlobalSection
	GlobalSection(ProjectConfigurationPlatforms) = postSolution
		{0A2EDB90-ECAE-4999-968D-6DF759DFAD57}.Debug|Any CPU.ActiveCfg = Debug|Any CPU
		{0A2EDB90-ECAE-4999-968D-6DF759DFAD57}.Debug|Any CPU.Build.0 = Debug|Any CPU
		{0A2EDB90-ECAE-4999-968D-6DF759DFAD57}.Release|Any CPU.ActiveCfg = Release|Any CPU
		{0A2EDB90-ECAE-4999-968D-6DF759DFAD57}.Release|Any CPU.Build.0 = Release|Any CPU
	EndGlobalSection
	GlobalSection(SolutionProperties) = preSolution
		HideSolutionNode = FALSE
	EndGlobalSection
	GlobalSection(ExtensibilityGlobals) = postSolution
		SolutionGuid = {63A22D5E-1E84-4525-B45E-EF3B240E5E29}
	EndGlobalSection
EndGlobal
