
Microsoft Visual Studio Solution File, Format Version 12.00
# Visual Studio Version 17
VisualStudioVersion = 17.11.35312.102
MinimumVisualStudioVersion = 10.0.40219.1
Project("{9A19103F-16F7-4668-BE54-9A1E7A4F7556}") = "ef", "ef\ef.csproj", "{E4E08035-F7F2-42C3-8405-D0D57E0F3E91}"
EndProject
Project("{9A19103F-16F7-4668-BE54-9A1E7A4F7556}") = "DTO", "DTO\DTO.csproj", "{44D78E95-9938-4170-96F6-03C5540E7089}"
EndProject
Project("{9A19103F-16F7-4668-BE54-9A1E7A4F7556}") = "api", "api\api.csproj", "{19CAA801-E89D-4AF5-B292-BE6F29723B44}"
EndProject
Global
	GlobalSection(SolutionConfigurationPlatforms) = preSolution
		Debug|Any CPU = Debug|Any CPU
		Release|Any CPU = Release|Any CPU
	EndGlobalSection
	GlobalSection(ProjectConfigurationPlatforms) = postSolution
		{E4E08035-F7F2-42C3-8405-D0D57E0F3E91}.Debug|Any CPU.ActiveCfg = Debug|Any CPU
		{E4E08035-F7F2-42C3-8405-D0D57E0F3E91}.Debug|Any CPU.Build.0 = Debug|Any CPU
		{E4E08035-F7F2-42C3-8405-D0D57E0F3E91}.Release|Any CPU.ActiveCfg = Release|Any CPU
		{E4E08035-F7F2-42C3-8405-D0D57E0F3E91}.Release|Any CPU.Build.0 = Release|Any CPU
		{44D78E95-9938-4170-96F6-03C5540E7089}.Debug|Any CPU.ActiveCfg = Debug|Any CPU
		{44D78E95-9938-4170-96F6-03C5540E7089}.Debug|Any CPU.Build.0 = Debug|Any CPU
		{44D78E95-9938-4170-96F6-03C5540E7089}.Release|Any CPU.ActiveCfg = Release|Any CPU
		{44D78E95-9938-4170-96F6-03C5540E7089}.Release|Any CPU.Build.0 = Release|Any CPU
		{19CAA801-E89D-4AF5-B292-BE6F29723B44}.Debug|Any CPU.ActiveCfg = Debug|Any CPU
		{19CAA801-E89D-4AF5-B292-BE6F29723B44}.Debug|Any CPU.Build.0 = Debug|Any CPU
		{19CAA801-E89D-4AF5-B292-BE6F29723B44}.Release|Any CPU.ActiveCfg = Release|Any CPU
		{19CAA801-E89D-4AF5-B292-BE6F29723B44}.Release|Any CPU.Build.0 = Release|Any CPU
	EndGlobalSection
	GlobalSection(SolutionProperties) = preSolution
		HideSolutionNode = FALSE
	EndGlobalSection
	GlobalSection(ExtensibilityGlobals) = postSolution
		SolutionGuid = {719E929F-BC77-420F-8429-51AE6422BC86}
	EndGlobalSection
EndGlobal
